// !$*UTF8*$!
{
	archiveVersion = 1;
	classes = {
	};
	objectVersion = 56;
	objects = {

/* Begin PBXBuildFile section */
		ABBCF5122B85C952000B68A4 /* main.cpp in Sources */ = {isa = PBXBuildFile; fileRef = ABBCF5112B85C952000B68A4 /* main.cpp */; };
		ABBCF51D2B85CB74000B68A4 /* main.cpp in Sources */ = {isa = PBXBuildFile; fileRef = ABBCF51C2B85CB74000B68A4 /* main.cpp */; };
		ABBCF52E2B866068000B68A4 /* main.cpp in Sources */ = {isa = PBXBuildFile; fileRef = ABBCF5272B85FC65000B68A4 /* main.cpp */; };
/* End PBXBuildFile section */

/* Begin PBXCopyFilesBuildPhase section */
		ABBCF50D2B85C952000B68A4 /* CopyFiles */ = {
			isa = PBXCopyFilesBuildPhase;
			buildActionMask = 2147483647;
			dstPath = /usr/share/man/man1/;
			dstSubfolderSpec = 0;
			files = (
			);
			runOnlyForDeploymentPostprocessing = 1;
		};
		ABBCF5182B85CB74000B68A4 /* CopyFiles */ = {
			isa = PBXCopyFilesBuildPhase;
			buildActionMask = 2147483647;
			dstPath = /usr/share/man/man1/;
			dstSubfolderSpec = 0;
			files = (
			);
			runOnlyForDeploymentPostprocessing = 1;
		};
		ABBCF5302B866068000B68A4 /* CopyFiles */ = {
			isa = PBXCopyFilesBuildPhase;
			buildActionMask = 2147483647;
			dstPath = /usr/share/man/man1/;
			dstSubfolderSpec = 0;
			files = (
			);
			runOnlyForDeploymentPostprocessing = 1;
		};
/* End PBXCopyFilesBuildPhase section */

/* Begin PBXFileReference section */
		ABBCF50F2B85C952000B68A4 /* q01_dfs_find_depth */ = {isa = PBXFileReference; explicitFileType = "compiled.mach-o.executable"; includeInIndex = 0; path = q01_dfs_find_depth; sourceTree = BUILT_PRODUCTS_DIR; };
		ABBCF5112B85C952000B68A4 /* main.cpp */ = {isa = PBXFileReference; lastKnownFileType = sourcecode.cpp.cpp; path = main.cpp; sourceTree = "<group>"; };
		ABBCF51A2B85CB74000B68A4 /* q02_find_postorder */ = {isa = PBXFileReference; explicitFileType = "compiled.mach-o.executable"; includeInIndex = 0; path = q02_find_postorder; sourceTree = BUILT_PRODUCTS_DIR; };
		ABBCF51C2B85CB74000B68A4 /* main.cpp */ = {isa = PBXFileReference; lastKnownFileType = sourcecode.cpp.cpp; path = main.cpp; sourceTree = "<group>"; };
		ABBCF5272B85FC65000B68A4 /* main.cpp */ = {isa = PBXFileReference; lastKnownFileType = sourcecode.cpp.cpp; path = main.cpp; sourceTree = "<group>"; };
		ABBCF5342B866068000B68A4 /* q03_common_tree_char */ = {isa = PBXFileReference; explicitFileType = "compiled.mach-o.executable"; includeInIndex = 0; path = q03_common_tree_char; sourceTree = BUILT_PRODUCTS_DIR; };
/* End PBXFileReference section */

/* Begin PBXFrameworksBuildPhase section */
		ABBCF50C2B85C952000B68A4 /* Frameworks */ = {
			isa = PBXFrameworksBuildPhase;
			buildActionMask = 2147483647;
			files = (
			);
			runOnlyForDeploymentPostprocessing = 0;
		};
		ABBCF5172B85CB74000B68A4 /* Frameworks */ = {
			isa = PBXFrameworksBuildPhase;
			buildActionMask = 2147483647;
			files = (
			);
			runOnlyForDeploymentPostprocessing = 0;
		};
		ABBCF52F2B866068000B68A4 /* Frameworks */ = {
			isa = PBXFrameworksBuildPhase;
			buildActionMask = 2147483647;
			files = (
			);
			runOnlyForDeploymentPostprocessing = 0;
		};
/* End PBXFrameworksBuildPhase section */

/* Begin PBXGroup section */
		ABBCF4F82B85C929000B68A4 = {
			isa = PBXGroup;
			children = (
				ABBCF5102B85C952000B68A4 /* q01_dfs_find_depth */,
				ABBCF51B2B85CB74000B68A4 /* q02_find_postorder */,
				ABBCF5262B85FC65000B68A4 /* q03_common_tree_char */,
				ABBCF5022B85C929000B68A4 /* Products */,
			);
			sourceTree = "<group>";
		};
		ABBCF5022B85C929000B68A4 /* Products */ = {
			isa = PBXGroup;
			children = (
				ABBCF50F2B85C952000B68A4 /* q01_dfs_find_depth */,
				ABBCF51A2B85CB74000B68A4 /* q02_find_postorder */,
				ABBCF5342B866068000B68A4 /* q03_common_tree_char */,
			);
			name = Products;
			sourceTree = "<group>";
		};
		ABBCF5102B85C952000B68A4 /* q01_dfs_find_depth */ = {
			isa = PBXGroup;
			children = (
				ABBCF5112B85C952000B68A4 /* main.cpp */,
			);
			path = q01_dfs_find_depth;
			sourceTree = "<group>";
		};
		ABBCF51B2B85CB74000B68A4 /* q02_find_postorder */ = {
			isa = PBXGroup;
			children = (
				ABBCF51C2B85CB74000B68A4 /* main.cpp */,
			);
			path = q02_find_postorder;
			sourceTree = "<group>";
		};
		ABBCF5262B85FC65000B68A4 /* q03_common_tree_char */ = {
			isa = PBXGroup;
			children = (
				ABBCF5272B85FC65000B68A4 /* main.cpp */,
			);
			path = q03_common_tree_char;
			sourceTree = "<group>";
		};
/* End PBXGroup section */

/* Begin PBXNativeTarget section */
		ABBCF50E2B85C952000B68A4 /* q01_dfs_find_depth */ = {
			isa = PBXNativeTarget;
			buildConfigurationList = ABBCF5132B85C952000B68A4 /* Build configuration list for PBXNativeTarget "q01_dfs_find_depth" */;
			buildPhases = (
				ABBCF50B2B85C952000B68A4 /* Sources */,
				ABBCF50C2B85C952000B68A4 /* Frameworks */,
				ABBCF50D2B85C952000B68A4 /* CopyFiles */,
			);
			buildRules = (
			);
			dependencies = (
			);
			name = q01_dfs_find_depth;
			productName = q01_dfs_find_depth;
			productReference = ABBCF50F2B85C952000B68A4 /* q01_dfs_find_depth */;
			productType = "com.apple.product-type.tool";
		};
		ABBCF5192B85CB74000B68A4 /* q02_find_postorder */ = {
			isa = PBXNativeTarget;
			buildConfigurationList = ABBCF51E2B85CB74000B68A4 /* Build configuration list for PBXNativeTarget "q02_find_postorder" */;
			buildPhases = (
				ABBCF5162B85CB74000B68A4 /* Sources */,
				ABBCF5172B85CB74000B68A4 /* Frameworks */,
				ABBCF5182B85CB74000B68A4 /* CopyFiles */,
			);
			buildRules = (
			);
			dependencies = (
			);
			name = q02_find_postorder;
			productName = q02_find_suffix;
			productReference = ABBCF51A2B85CB74000B68A4 /* q02_find_postorder */;
			productType = "com.apple.product-type.tool";
		};
		ABBCF52C2B866068000B68A4 /* q03_common_tree_char */ = {
			isa = PBXNativeTarget;
			buildConfigurationList = ABBCF5312B866068000B68A4 /* Build configuration list for PBXNativeTarget "q03_common_tree_char" */;
			buildPhases = (
				ABBCF52D2B866068000B68A4 /* Sources */,
				ABBCF52F2B866068000B68A4 /* Frameworks */,
				ABBCF5302B866068000B68A4 /* CopyFiles */,
			);
			buildRules = (
			);
			dependencies = (
			);
			name = q03_common_tree_char;
			productName = q03_common_tree;
			productReference = ABBCF5342B866068000B68A4 /* q03_common_tree_char */;
			productType = "com.apple.product-type.tool";
		};
/* End PBXNativeTarget section */

/* Begin PBXProject section */
		ABBCF4F92B85C929000B68A4 /* Project object */ = {
			isa = PBXProject;
			attributes = {
				BuildIndependentTargetsInParallel = 1;
				LastUpgradeCheck = 1520;
				TargetAttributes = {
					ABBCF50E2B85C952000B68A4 = {
						CreatedOnToolsVersion = 15.2;
					};
					ABBCF5192B85CB74000B68A4 = {
						CreatedOnToolsVersion = 15.2;
					};
				};
			};
			buildConfigurationList = ABBCF4FC2B85C929000B68A4 /* Build configuration list for PBXProject "question" */;
			compatibilityVersion = "Xcode 14.0";
			developmentRegion = en;
			hasScannedForEncodings = 0;
			knownRegions = (
				en,
				Base,
			);
			mainGroup = ABBCF4F82B85C929000B68A4;
			productRefGroup = ABBCF5022B85C929000B68A4 /* Products */;
			projectDirPath = "";
			projectRoot = "";
			targets = (
				ABBCF50E2B85C952000B68A4 /* q01_dfs_find_depth */,
				ABBCF5192B85CB74000B68A4 /* q02_find_postorder */,
				ABBCF52C2B866068000B68A4 /* q03_common_tree_char */,
			);
		};
/* End PBXProject section */

/* Begin PBXSourcesBuildPhase section */
		ABBCF50B2B85C952000B68A4 /* Sources */ = {
			isa = PBXSourcesBuildPhase;
			buildActionMask = 2147483647;
			files = (
				ABBCF5122B85C952000B68A4 /* main.cpp in Sources */,
			);
			runOnlyForDeploymentPostprocessing = 0;
		};
		ABBCF5162B85CB74000B68A4 /* Sources */ = {
			isa = PBXSourcesBuildPhase;
			buildActionMask = 2147483647;
			files = (
				ABBCF51D2B85CB74000B68A4 /* main.cpp in Sources */,
			);
			runOnlyForDeploymentPostprocessing = 0;
		};
		ABBCF52D2B866068000B68A4 /* Sources */ = {
			isa = PBXSourcesBuildPhase;
			buildActionMask = 2147483647;
			files = (
				ABBCF52E2B866068000B68A4 /* main.cpp in Sources */,
			);
			runOnlyForDeploymentPostprocessing = 0;
		};
/* End PBXSourcesBuildPhase section */

/* Begin XCBuildConfiguration section */
		ABBCF5062B85C929000B68A4 /* Debug */ = {
			isa = XCBuildConfiguration;
			buildSettings = {
				ALWAYS_SEARCH_USER_PATHS = NO;
				ASSETCATALOG_COMPILER_GENERATE_SWIFT_ASSET_SYMBOL_EXTENSIONS = YES;
				CLANG_ANALYZER_NONNULL = YES;
				CLANG_ANALYZER_NUMBER_OBJECT_CONVERSION = YES_AGGRESSIVE;
				CLANG_CXX_LANGUAGE_STANDARD = "gnu++20";
				CLANG_ENABLE_MODULES = YES;
				CLANG_ENABLE_OBJC_ARC = YES;
				CLANG_ENABLE_OBJC_WEAK = YES;
				CLANG_WARN_BLOCK_CAPTURE_AUTORELEASING = YES;
				CLANG_WARN_BOOL_CONVERSION = YES;
				CLANG_WARN_COMMA = YES;
				CLANG_WARN_CONSTANT_CONVERSION = YES;
				CLANG_WARN_DEPRECATED_OBJC_IMPLEMENTATIONS = YES;
				CLANG_WARN_DIRECT_OBJC_ISA_USAGE = YES_ERROR;
				CLANG_WARN_DOCUMENTATION_COMMENTS = YES;
				CLANG_WARN_EMPTY_BODY = YES;
				CLANG_WARN_ENUM_CONVERSION = YES;
				CLANG_WARN_INFINITE_RECURSION = YES;
				CLANG_WARN_INT_CONVERSION = YES;
				CLANG_WARN_NON_LITERAL_NULL_CONVERSION = YES;
				CLANG_WARN_OBJC_IMPLICIT_RETAIN_SELF = YES;
				CLANG_WARN_OBJC_LITERAL_CONVERSION = YES;
				CLANG_WARN_OBJC_ROOT_CLASS = YES_ERROR;
				CLANG_WARN_QUOTED_INCLUDE_IN_FRAMEWORK_HEADER = YES;
				CLANG_WARN_RANGE_LOOP_ANALYSIS = YES;
				CLANG_WARN_STRICT_PROTOTYPES = YES;
				CLANG_WARN_SUSPICIOUS_MOVE = YES;
				CLANG_WARN_UNGUARDED_AVAILABILITY = YES_AGGRESSIVE;
				CLANG_WARN_UNREACHABLE_CODE = YES;
				CLANG_WARN__DUPLICATE_METHOD_MATCH = YES;
				COPY_PHASE_STRIP = NO;
				DEBUG_INFORMATION_FORMAT = dwarf;
				ENABLE_STRICT_OBJC_MSGSEND = YES;
				ENABLE_TESTABILITY = YES;
				ENABLE_USER_SCRIPT_SANDBOXING = YES;
				GCC_C_LANGUAGE_STANDARD = gnu17;
				GCC_DYNAMIC_NO_PIC = NO;
				GCC_NO_COMMON_BLOCKS = YES;
				GCC_OPTIMIZATION_LEVEL = 0;
				GCC_PREPROCESSOR_DEFINITIONS = (
					"DEBUG=1",
					"$(inherited)",
				);
				GCC_WARN_64_TO_32_BIT_CONVERSION = YES;
				GCC_WARN_ABOUT_RETURN_TYPE = YES_ERROR;
				GCC_WARN_UNDECLARED_SELECTOR = YES;
				GCC_WARN_UNINITIALIZED_AUTOS = YES_AGGRESSIVE;
				GCC_WARN_UNUSED_FUNCTION = YES;
				GCC_WARN_UNUSED_VARIABLE = YES;
				LOCALIZATION_PREFERS_STRING_CATALOGS = YES;
				MACOSX_DEPLOYMENT_TARGET = 14.2;
				MTL_ENABLE_DEBUG_INFO = INCLUDE_SOURCE;
				MTL_FAST_MATH = YES;
				ONLY_ACTIVE_ARCH = YES;
				SDKROOT = macosx;
			};
			name = Debug;
		};
		ABBCF5072B85C929000B68A4 /* Release */ = {
			isa = XCBuildConfiguration;
			buildSettings = {
				ALWAYS_SEARCH_USER_PATHS = NO;
				ASSETCATALOG_COMPILER_GENERATE_SWIFT_ASSET_SYMBOL_EXTENSIONS = YES;
				CLANG_ANALYZER_NONNULL = YES;
				CLANG_ANALYZER_NUMBER_OBJECT_CONVERSION = YES_AGGRESSIVE;
				CLANG_CXX_LANGUAGE_STANDARD = "gnu++20";
				CLANG_ENABLE_MODULES = YES;
				CLANG_ENABLE_OBJC_ARC = YES;
				CLANG_ENABLE_OBJC_WEAK = YES;
				CLANG_WARN_BLOCK_CAPTURE_AUTORELEASING = YES;
				CLANG_WARN_BOOL_CONVERSION = YES;
				CLANG_WARN_COMMA = YES;
				CLANG_WARN_CONSTANT_CONVERSION = YES;
				CLANG_WARN_DEPRECATED_OBJC_IMPLEMENTATIONS = YES;
				CLANG_WARN_DIRECT_OBJC_ISA_USAGE = YES_ERROR;
				CLANG_WARN_DOCUMENTATION_COMMENTS = YES;
				CLANG_WARN_EMPTY_BODY = YES;
				CLANG_WARN_ENUM_CONVERSION = YES;
				CLANG_WARN_INFINITE_RECURSION = YES;
				CLANG_WARN_INT_CONVERSION = YES;
				CLANG_WARN_NON_LITERAL_NULL_CONVERSION = YES;
				CLANG_WARN_OBJC_IMPLICIT_RETAIN_SELF = YES;
				CLANG_WARN_OBJC_LITERAL_CONVERSION = YES;
				CLANG_WARN_OBJC_ROOT_CLASS = YES_ERROR;
				CLANG_WARN_QUOTED_INCLUDE_IN_FRAMEWORK_HEADER = YES;
				CLANG_WARN_RANGE_LOOP_ANALYSIS = YES;
				CLANG_WARN_STRICT_PROTOTYPES = YES;
				CLANG_WARN_SUSPICIOUS_MOVE = YES;
				CLANG_WARN_UNGUARDED_AVAILABILITY = YES_AGGRESSIVE;
				CLANG_WARN_UNREACHABLE_CODE = YES;
				CLANG_WARN__DUPLICATE_METHOD_MATCH = YES;
				COPY_PHASE_STRIP = NO;
				DEBUG_INFORMATION_FORMAT = "dwarf-with-dsym";
				ENABLE_NS_ASSERTIONS = NO;
				ENABLE_STRICT_OBJC_MSGSEND = YES;
				ENABLE_USER_SCRIPT_SANDBOXING = YES;
				GCC_C_LANGUAGE_STANDARD = gnu17;
				GCC_NO_COMMON_BLOCKS = YES;
				GCC_WARN_64_TO_32_BIT_CONVERSION = YES;
				GCC_WARN_ABOUT_RETURN_TYPE = YES_ERROR;
				GCC_WARN_UNDECLARED_SELECTOR = YES;
				GCC_WARN_UNINITIALIZED_AUTOS = YES_AGGRESSIVE;
				GCC_WARN_UNUSED_FUNCTION = YES;
				GCC_WARN_UNUSED_VARIABLE = YES;
				LOCALIZATION_PREFERS_STRING_CATALOGS = YES;
				MACOSX_DEPLOYMENT_TARGET = 14.2;
				MTL_ENABLE_DEBUG_INFO = NO;
				MTL_FAST_MATH = YES;
				SDKROOT = macosx;
			};
			name = Release;
		};
		ABBCF5142B85C952000B68A4 /* Debug */ = {
			isa = XCBuildConfiguration;
			buildSettings = {
				CODE_SIGN_STYLE = Automatic;
				PRODUCT_NAME = "$(TARGET_NAME)";
			};
			name = Debug;
		};
		ABBCF5152B85C952000B68A4 /* Release */ = {
			isa = XCBuildConfiguration;
			buildSettings = {
				CODE_SIGN_STYLE = Automatic;
				PRODUCT_NAME = "$(TARGET_NAME)";
			};
			name = Release;
		};
		ABBCF51F2B85CB74000B68A4 /* Debug */ = {
			isa = XCBuildConfiguration;
			buildSettings = {
				CODE_SIGN_STYLE = Automatic;
				PRODUCT_NAME = "$(TARGET_NAME)";
			};
			name = Debug;
		};
		ABBCF5202B85CB74000B68A4 /* Release */ = {
			isa = XCBuildConfiguration;
			buildSettings = {
				CODE_SIGN_STYLE = Automatic;
				PRODUCT_NAME = "$(TARGET_NAME)";
			};
			name = Release;
		};
		ABBCF5322B866068000B68A4 /* Debug */ = {
			isa = XCBuildConfiguration;
			buildSettings = {
				CODE_SIGN_STYLE = Automatic;
				PRODUCT_NAME = "$(TARGET_NAME)";
			};
			name = Debug;
		};
		ABBCF5332B866068000B68A4 /* Release */ = {
			isa = XCBuildConfiguration;
			buildSettings = {
				CODE_SIGN_STYLE = Automatic;
				PRODUCT_NAME = "$(TARGET_NAME)";
			};
			name = Release;
		};
/* End XCBuildConfiguration section */

/* Begin XCConfigurationList section */
		ABBCF4FC2B85C929000B68A4 /* Build configuration list for PBXProject "question" */ = {
			isa = XCConfigurationList;
			buildConfigurations = (
				ABBCF5062B85C929000B68A4 /* Debug */,
				ABBCF5072B85C929000B68A4 /* Release */,
			);
			defaultConfigurationIsVisible = 0;
			defaultConfigurationName = Release;
		};
		ABBCF5132B85C952000B68A4 /* Build configuration list for PBXNativeTarget "q01_dfs_find_depth" */ = {
			isa = XCConfigurationList;
			buildConfigurations = (
				ABBCF5142B85C952000B68A4 /* Debug */,
				ABBCF5152B85C952000B68A4 /* Release */,
			);
			defaultConfigurationIsVisible = 0;
			defaultConfigurationName = Release;
		};
		ABBCF51E2B85CB74000B68A4 /* Build configuration list for PBXNativeTarget "q02_find_postorder" */ = {
			isa = XCConfigurationList;
			buildConfigurations = (
				ABBCF51F2B85CB74000B68A4 /* Debug */,
				ABBCF5202B85CB74000B68A4 /* Release */,
			);
			defaultConfigurationIsVisible = 0;
			defaultConfigurationName = Release;
		};
		ABBCF5312B866068000B68A4 /* Build configuration list for PBXNativeTarget "q03_common_tree_char" */ = {
			isa = XCConfigurationList;
			buildConfigurations = (
				ABBCF5322B866068000B68A4 /* Debug */,
				ABBCF5332B866068000B68A4 /* Release */,
			);
			defaultConfigurationIsVisible = 0;
			defaultConfigurationName = Release;
		};
/* End XCConfigurationList section */
	};
	rootObject = ABBCF4F92B85C929000B68A4 /* Project object */;
}
